<?xml version="1.0" encoding="utf-8"?>
<Project ToolsVersion="4.0" xmlns="http://schemas.microsoft.com/developer/msbuild/2003">
  <ItemGroup>
    <Filter Include="Header Files">
      <UniqueIdentifier>{00030000-0000-0000-0000-000000000000}</UniqueIdentifier>
      <Extensions>h;hpp;hxx;hm;inl;inc;xsd</Extensions>
    </Filter>
    <Filter Include="Resource Files">
      <UniqueIdentifier>{00040000-0000-0000-0000-000000000000}</UniqueIdentifier>
      <Extensions>rc;ico;cur;bmp;dlg;rc2;rct;bin;rgs;gif;jpg;jpeg;jpe;resx;tiff;tif;png;wav</Extensions>
    </Filter>
    <Filter Include="Include Files">
      <UniqueIdentifier>{00050000-0000-0000-0000-000000000000}</UniqueIdentifier>
      <Extensions>h;hpp;hxx;hm;inl;inc;xsd</Extensions>
    </Filter>
    <Filter Include="Source Files">
      <UniqueIdentifier>{00020000-0000-0000-0000-000000000000}</UniqueIdentifier>
      <Extensions>cpp;c;cc;cxx;def;odl;idl;hpj;bat;asm;asmx</Extensions>
    </Filter>
  </ItemGroup>
  <ItemGroup>
    <ClCompile Include="..\src\OSGLUSDL.c">
      <Filter>Source Files</Filter>
    </ClCompile>
    <ClCompile Include="..\src\GLOBGLUE.c">
      <Filter>Source Files</Filter>
    </ClCompile>
    <ClCompile Include="..\src\M68KITAB.c">
      <Filter>Source Files</Filter>
    </ClCompile>
    <ClCompile Include="..\src\MINEM68K.c">
      <Filter>Source Files</Filter>
    </ClCompile>
    <ClCompile Include="..\src\VIAEMDEV.c">
      <Filter>Source Files</Filter>
    </ClCompile>
    <ClCompile Include="..\src\VIA2EMDV.c">
      <Filter>Source Files</Filter>
    </ClCompile>
    <ClCompile Include="..\src\IWMEMDEV.c">
      <Filter>Source Files</Filter>
    </ClCompile>
    <ClCompile Include="..\src\SCCEMDEV.c">
      <Filter>Source Files</Filter>
    </ClCompile>
    <ClCompile Include="..\src\RTCEMDEV.c">
      <Filter>Source Files</Filter>
    </ClCompile>
    <ClCompile Include="..\src\ROMEMDEV.c">
      <Filter>Source Files</Filter>
    </ClCompile>
    <ClCompile Include="..\src\SCSIEMDV.c">
      <Filter>Source Files</Filter>
    </ClCompile>
    <ClCompile Include="..\src\SONYEMDV.c">
      <Filter>Source Files</Filter>
    </ClCompile>
    <ClCompile Include="..\src\SCRNEMDV.c">
      <Filter>Source Files</Filter>
    </ClCompile>
    <ClCompile Include="..\src\VIDEMDEV.c">
      <Filter>Source Files</Filter>
    </ClCompile>
    <ClCompile Include="..\src\MOUSEMDV.c">
      <Filter>Source Files</Filter>
    </ClCompile>
    <ClCompile Include="..\src\ADBEMDEV.c">
      <Filter>Source Files</Filter>
    </ClCompile>
    <ClCompile Include="..\src\ASCEMDEV.c">
      <Filter>Source Files</Filter>
    </ClCompile>
    <ClCompile Include="..\src\PROGMAIN.c">
      <Filter>Source Files</Filter>
    </ClCompile>
  </ItemGroup>
  <ItemGroup>
    <ClInclude Include="cfg\CNFUIOSG.h">
      <Filter>Include Files</Filter>
    </ClInclude>
    <ClInclude Include="cfg\CNFUIALL.h">
      <Filter>Include Files</Filter>
    </ClInclude>
    <ClInclude Include="cfg\CNFUDOSG.h">
      <Filter>Include Files</Filter>
    </ClInclude>
    <ClInclude Include="cfg\CNFUDALL.h">
      <Filter>Include Files</Filter>
    </ClInclude>
    <ClInclude Include="cfg\STRCONST.h">
      <Filter>Include Files</Filter>
    </ClInclude>
    <ClInclude Include="cfg\CNFUIPIC.h">
      <Filter>Include Files</Filter>
    </ClInclude>
    <ClInclude Include="cfg\CNFUDPIC.h">
      <Filter>Include Files</Filter>
    </ClInclude>
    <ClInclude Include="..\src\GLOBGLUE.h">
      <Filter>Header Files</Filter>
    </ClInclude>
    <ClInclude Include="..\src\M68KITAB.h">
      <Filter>Header Files</Filter>
    </ClInclude>
    <ClInclude Include="..\src\MINEM68K.h">
      <Filter>Header Files</Filter>
    </ClInclude>
    <ClInclude Include="..\src\VIAEMDEV.h">
      <Filter>Header Files</Filter>
    </ClInclude>
    <ClInclude Include="..\src\VIA2EMDV.h">
      <Filter>Header Files</Filter>
    </ClInclude>
    <ClInclude Include="..\src\IWMEMDEV.h">
      <Filter>Header Files</Filter>
    </ClInclude>
    <ClInclude Include="..\src\SCCEMDEV.h">
      <Filter>Header Files</Filter>
    </ClInclude>
    <ClInclude Include="..\src\RTCEMDEV.h">
      <Filter>Header Files</Filter>
    </ClInclude>
    <ClInclude Include="..\src\ROMEMDEV.h">
      <Filter>Header Files</Filter>
    </ClInclude>
    <ClInclude Include="..\src\SCSIEMDV.h">
      <Filter>Header Files</Filter>
    </ClInclude>
    <ClInclude Include="..\src\SONYEMDV.h">
      <Filter>Header Files</Filter>
    </ClInclude>
    <ClInclude Include="..\src\SCRNEMDV.h">
      <Filter>Header Files</Filter>
    </ClInclude>
    <ClInclude Include="..\src\VIDEMDEV.h">
      <Filter>Header Files</Filter>
    </ClInclude>
    <ClInclude Include="..\src\MOUSEMDV.h">
      <Filter>Header Files</Filter>
    </ClInclude>
    <ClInclude Include="..\src\ADBEMDEV.h">
      <Filter>Header Files</Filter>
    </ClInclude>
    <ClInclude Include="..\src\ASCEMDEV.h">
      <Filter>Header Files</Filter>
    </ClInclude>
    <ClInclude Include="..\src\PROGMAIN.h">
      <Filter>Header Files</Filter>
    </ClInclude>
    <ClInclude Include="..\src\DFCNFCMP.h">
      <Filter>Header Files</Filter>
    </ClInclude>
    <ClInclude Include="..\src\ENDIANAC.h">
      <Filter>Header Files</Filter>
    </ClInclude>
    <ClInclude Include="..\src\OSGLUAAA.h">
      <Filter>Header Files</Filter>
    </ClInclude>
    <ClInclude Include="..\src\STRCNENG.h">
      <Filter>Header Files</Filter>
    </ClInclude>
    <ClInclude Include="..\src\OSGCOMUI.h">
      <Filter>Header Files</Filter>
    </ClInclude>
    <ClInclude Include="..\src\OSGCOMUD.h">
      <Filter>Header Files</Filter>
    </ClInclude>
    <ClInclude Include="..\src\INTLCHAR.h">
      <Filter>Header Files</Filter>
    </ClInclude>
    <ClInclude Include="..\src\COMOSGLU.h">
      <Filter>Header Files</Filter>
    </ClInclude>
    <ClInclude Include="..\src\CONTROLM.h">
      <Filter>Header Files</Filter>
    </ClInclude>
    <ClInclude Include="..\src\PBUFSTDC.h">
      <Filter>Header Files</Filter>
    </ClInclude>
    <ClInclude Include="..\src\SCRNMAPR.h">
      <Filter>Header Files</Filter>
    </ClInclude>
    <ClInclude Include="..\src\DATE2SEC.h">
      <Filter>Header Files</Filter>
    </ClInclude>
    <ClInclude Include="..\src\PICOMMON.h">
      <Filter>Header Files</Filter>
    </ClInclude>
    <ClInclude Include="..\src\FPMATHEM.h">
      <Filter>Header Files</Filter>
    </ClInclude>
    <ClInclude Include="..\src\FPCPEMDV.h">
      <Filter>Header Files</Filter>
    </ClInclude>
    <ClInclude Include="..\src\ADBSHARE.h">
      <Filter>Header Files</Filter>
    </ClInclude>
    <ClInclude Include="..\blah-blob-resources\resource.h">
      <Filter>Header Files</Filter>
    </ClInclude>
    <ClInclude Include="resource1.h">
      <Filter>Header Files</Filter>
    </ClInclude>
    <ClInclude Include="resource2.h">
      <Filter>Header Files</Filter>
    </ClInclude>
  </ItemGroup>
  <ItemGroup>
    <Image Include="..\blah-blob-resources\blahblob.ico">
      <Filter>Resource Files</Filter>
    </Image>
  </ItemGroup>
  <ItemGroup>
    <ResourceCompile Include="main.rc">
      <Filter>Resource Files</Filter>
    </ResourceCompile>
  </ItemGroup>
</Project>